github.com/CodeYourFuture/curriculum/common-content v0.0.0-20240121151641-e52b73ad527d h1:WfPdLoNvxOrNx3GB+DpYlpEH57v98h0KWXpidN+xdOo=
github.com/CodeYourFuture/curriculum/common-content v0.0.0-20240121151641-e52b73ad527d/go.mod h1:e3J+XphCBJJ8kf6S9ykVxNY1VKPWJoYuDFXEizlDpCI=
github.com/CodeYourFuture/curriculum/common-theme v0.0.0-20240121151641-e52b73ad527d h1:ILE8f9gXLEPEyrJVBdFRVa0Uszf9OVdK4LjXZjCLUag=
github.com/CodeYourFuture/curriculum/common-theme v0.0.0-20240121151641-e52b73ad527d/go.mod h1:kzt+J4JYp5C3GD1dX0rf7vY5fsTUc6Drrn+7p7pjmLg=
github.com/CodeYourFuture/curriculum/org-cyf-guides v0.0.0-20240606160122-fc5c72085f6b h1:GHzTJJAonmevEAYcLIz8E9D8t0GuvfU9Ke+98cDQnws=
github.com/CodeYourFuture/curriculum/org-cyf-guides v0.0.0-20240606160122-fc5c72085f6b/go.mod h1:Suv+qMxRbE8arUU9j3BLg05NLyitSpwgdKacTuSvdu0=
github.com/CodeYourFuture/curriculum/org-cyf-piscine v0.0.0-20240606140350-5d544563778a h1:Gi+xzMDa4xIY/7eBoFJSPu0n7w3zecgUMZmXNKieW5I=
github.com/CodeYourFuture/curriculum/org-cyf-piscine v0.0.0-20240606140350-5d544563778a/go.mod h1:vHl1mi2VfjpfTs0yiqpsq5GxHFBnstBiOrrkxb9Ido4=
