github.com/CodeYourFuture/CYF-PD v1.0.1-0.20240905150045-7be086ff6886 h1:ZKZYah39sNwr1VpTjl/q8mWq/0bj9X3cRGJpUHt8CKQ=
github.com/CodeYourFuture/CYF-PD v1.0.1-0.20240905150045-7be086ff6886/go.mod h1:DJj2pdPceTBoHErILtnZMEYPZZuC8W9Fmt/faaW2tcw=
github.com/CodeYourFuture/curriculum/org-cyf-theme v0.0.0-20241022142707-ee3974f18eb2 h1:GpkMPRNPE1718eMFHYouqq+0jl1dgbwMGiE6pPBDi6M=
github.com/CodeYourFuture/curriculum/org-cyf-theme v0.0.0-20241022142707-ee3974f18eb2/go.mod h1:5RMrsJNpszVsZskrrC9fmMurvjlcvU74VBcJz8I4LtA=
