github.com/CodeYourFuture/curriculum/org-cyf-piscine v0.0.0-20240606140350-5d544563778a h1:Gi+xzMDa4xIY/7eBoFJSPu0n7w3zecgUMZmXNKieW5I=
github.com/CodeYourFuture/curriculum/org-cyf-piscine v0.0.0-20240606140350-5d544563778a/go.mod h1:vHl1mi2VfjpfTs0yiqpsq5GxHFBnstBiOrrkxb9Ido4=
github.com/CodeYourFuture/curriculum/org-cyf-sdc v0.0.0-20240702122756-1cbc5e3a6efd h1:Yn0UGLTxsed3wfHFt/OnXsrvUL7Q7LvxXQgMoGEzxSc=
github.com/CodeYourFuture/curriculum/org-cyf-sdc v0.0.0-20240702122756-1cbc5e3a6efd/go.mod h1:HtAH0wU0ELTLr3pmnNYpNz4jjn6pUkKYE9/LYTwOuGM=
