github.com/CodeYourFuture/CYF-PD v1.0.1-0.20240721130916-d70fc853a278 h1:QkyzRerSZyumZ4gxoE7gehj86zWdDY7O4K9pqW8OLtg=
github.com/CodeYourFuture/CYF-PD v1.0.1-0.20240721130916-d70fc853a278/go.mod h1:DJj2pdPceTBoHErILtnZMEYPZZuC8W9Fmt/faaW2tcw=
github.com/CodeYourFuture/CYF-Projects/micro-front-end v0.0.0-20240802103347-3eb0ebf8ad9b h1:iQyvh1DWWbx55Qvs923X2liMosQmQNlFumOrEmgq7c8=
github.com/CodeYourFuture/CYF-Projects/micro-front-end v0.0.0-20240802103347-3eb0ebf8ad9b/go.mod h1:MutmCRXM0wOmDQrZGMmn6jSWHHst5j1AUuf7hwrbILI=
github.com/CodeYourFuture/curriculum/org-cyf-guides v0.0.0-20240820155314-7287ff7c75f9 h1:bFPocaQD67r+RbrU9xDA9R9uavn10myYzwZvKBG/iqU=
github.com/CodeYourFuture/curriculum/org-cyf-guides v0.0.0-20240820155314-7287ff7c75f9/go.mod h1:7EBadJB9OQSvx72Xhm4wN8reQYSwFNzbsiXtMhLuUQ4=
github.com/CodeYourFuture/curriculum/org-cyf-theme v0.0.0-20240818070728-e8702788f7cb h1:P0mRDAC+Sh+7D+8Mlcyb6Sqid3w0asdincQMS9QLvpI=
github.com/CodeYourFuture/curriculum/org-cyf-theme v0.0.0-20240818070728-e8702788f7cb/go.mod h1:Wv6VAMOIp5v0eZiHWSGzanDAIfK+prnnPK0hUPeFvwk=
