github.com/CodeYourFuture/curriculum/common-content v0.0.0-20240815101229-42a0ec0ac0bc h1:rQ7YWwvljzFyERej3yyWSbn9wlxdcXEWeS6msxEFmBg=
github.com/CodeYourFuture/curriculum/common-content v0.0.0-20240815101229-42a0ec0ac0bc/go.mod h1:e3J+XphCBJJ8kf6S9ykVxNY1VKPWJoYuDFXEizlDpCI=
github.com/CodeYourFuture/curriculum/common-theme v0.0.0-20240815101229-42a0ec0ac0bc h1:BsO6MFMtOYLLkHBMVJeTstxfPxR5gVMVBuhyVuIKJmE=
github.com/CodeYourFuture/curriculum/common-theme v0.0.0-20240815101229-42a0ec0ac0bc/go.mod h1:kzt+J4JYp5C3GD1dX0rf7vY5fsTUc6Drrn+7p7pjmLg=
github.com/CodeYourFuture/curriculum/org-cyf-theme v0.0.0-20240818070728-e8702788f7cb h1:P0mRDAC+Sh+7D+8Mlcyb6Sqid3w0asdincQMS9QLvpI=
github.com/CodeYourFuture/curriculum/org-cyf-theme v0.0.0-20240818070728-e8702788f7cb/go.mod h1:Wv6VAMOIp5v0eZiHWSGzanDAIfK+prnnPK0hUPeFvwk=
