github.com/CodeYourFuture/curriculum/common-content v0.0.0-20240815101229-42a0ec0ac0bc h1:rQ7YWwvljzFyERej3yyWSbn9wlxdcXEWeS6msxEFmBg=
github.com/CodeYourFuture/curriculum/common-content v0.0.0-20240815101229-42a0ec0ac0bc/go.mod h1:e3J+XphCBJJ8kf6S9ykVxNY1VKPWJoYuDFXEizlDpCI=
github.com/CodeYourFuture/curriculum/common-theme v0.0.0-20240815101229-42a0ec0ac0bc h1:BsO6MFMtOYLLkHBMVJeTstxfPxR5gVMVBuhyVuIKJmE=
github.com/CodeYourFuture/curriculum/common-theme v0.0.0-20240815101229-42a0ec0ac0bc/go.mod h1:kzt+J4JYp5C3GD1dX0rf7vY5fsTUc6Drrn+7p7pjmLg=
