github.com/CodeYourFuture/CYF-PD v1.0.1-0.20240721130916-d70fc853a278 h1:QkyzRerSZyumZ4gxoE7gehj86zWdDY7O4K9pqW8OLtg=
github.com/CodeYourFuture/CYF-PD v1.0.1-0.20240721130916-d70fc853a278/go.mod h1:DJj2pdPceTBoHErILtnZMEYPZZuC8W9Fmt/faaW2tcw=
github.com/CodeYourFuture/curriculum/common-content v0.0.0-20240114132825-493a89648721 h1:txnduLXqSKf3XHb/g74uhpGltb9FgyrdrMeC/Ce3vr0=
github.com/CodeYourFuture/curriculum/common-content v0.0.0-20240114132825-493a89648721/go.mod h1:w5rIm9hJlHD+CYpQEVMWE/6WaE/EiLmYVs18Kw/iH0s=
github.com/CodeYourFuture/curriculum/common-content v0.0.0-20240121151641-e52b73ad527d h1:WfPdLoNvxOrNx3GB+DpYlpEH57v98h0KWXpidN+xdOo=
github.com/CodeYourFuture/curriculum/common-content v0.0.0-20240121151641-e52b73ad527d/go.mod h1:e3J+XphCBJJ8kf6S9ykVxNY1VKPWJoYuDFXEizlDpCI=
github.com/CodeYourFuture/curriculum/common-theme v0.0.0-20240114132825-493a89648721 h1:GSd+9AsvXJEjy2AvsP79YBpmMRhxydDhVvlbD5x5DKg=
github.com/CodeYourFuture/curriculum/common-theme v0.0.0-20240114132825-493a89648721/go.mod h1:lWiQfXWr0Uc517tksx7D5p5ZoXo9bxRoJ0or+z9mRyk=
github.com/CodeYourFuture/curriculum/common-theme v0.0.0-20240121151641-e52b73ad527d h1:ILE8f9gXLEPEyrJVBdFRVa0Uszf9OVdK4LjXZjCLUag=
github.com/CodeYourFuture/curriculum/common-theme v0.0.0-20240121151641-e52b73ad527d/go.mod h1:kzt+J4JYp5C3GD1dX0rf7vY5fsTUc6Drrn+7p7pjmLg=
github.com/CodeYourFuture/curriculum/org-cyf-guides v0.0.0-20240606160122-fc5c72085f6b h1:GHzTJJAonmevEAYcLIz8E9D8t0GuvfU9Ke+98cDQnws=
github.com/CodeYourFuture/curriculum/org-cyf-guides v0.0.0-20240606160122-fc5c72085f6b/go.mod h1:Suv+qMxRbE8arUU9j3BLg05NLyitSpwgdKacTuSvdu0=
github.com/CodeYourFuture/curriculum/org-cyf-guides v0.0.0-20240721115017-ac0d39b0bbe3 h1:jfodoahEtp2SLp76Bg4s+PQ/PLI37THOJWDLzfTYV1Q=
github.com/CodeYourFuture/curriculum/org-cyf-guides v0.0.0-20240721115017-ac0d39b0bbe3/go.mod h1:ZfIZCi2lHOJ6o3fBKIydXIdtfgJcDrfE0PNLErJNFMs=
