github.com/CodeYourFuture/CYF-PD v1.0.1-0.20240721130916-d70fc853a278 h1:QkyzRerSZyumZ4gxoE7gehj86zWdDY7O4K9pqW8OLtg=
github.com/CodeYourFuture/CYF-PD v1.0.1-0.20240721130916-d70fc853a278/go.mod h1:DJj2pdPceTBoHErILtnZMEYPZZuC8W9Fmt/faaW2tcw=
github.com/CodeYourFuture/curriculum/org-cyf-guides v0.0.0-20241008095008-281a5517463f h1:ijNLBVfj/6rQAItJFpiH8VoqZ7xd0lv4jXEZb2kiGYU=
github.com/CodeYourFuture/curriculum/org-cyf-guides v0.0.0-20241008095008-281a5517463f/go.mod h1:7EBadJB9OQSvx72Xhm4wN8reQYSwFNzbsiXtMhLuUQ4=
